
Microsoft Visual Studio Solution File, Format Version 12.00
# Visual Studio 14
VisualStudioVersion = 14.0.24720.0
MinimumVisualStudioVersion = 10.0.40219.1
Project("{FAE04EC0-301F-11D3-BF4B-00C04F79EFBC}") = "MyTest.WindowsService.Test.Console", "MyTest.WindowsService.Test.Console\MyTest.WindowsService.Test.Console.csproj", "{144A4158-6FA3-47F1-A4A0-43329DA1EAFD}"
EndProject
Project("{FAE04EC0-301F-11D3-BF4B-00C04F79EFBC}") = "MyTest.WindowsService", "MyTest.WindowsService\MyTest.WindowsService.csproj", "{742B43AC-5A63-47F2-B282-F5F316E087B6}"
EndProject
Project("{FAE04EC0-301F-11D3-BF4B-00C04F79EFBC}") = "MyTest.Library.WindowsService", "MyTest.Library.WindowsService\MyTest.Library.WindowsService.csproj", "{A764C7E1-6192-4957-81F3-789FF4F6834F}"
EndProject
Project("{FAE04EC0-301F-11D3-BF4B-00C04F79EFBC}") = "MyTest.Utility", "MyTest.Utility\MyTest.Utility.csproj", "{25E53F84-184D-43EA-9713-CDD63021560C}"
EndProject
Project("{FAE04EC0-301F-11D3-BF4B-00C04F79EFBC}") = "MyTest.WindowsService.Host", "MyTest.WindowsService.Host\MyTest.WindowsService.Host.csproj", "{67FC5C6C-7752-44FD-9073-9E403417E916}"
EndProject
Project("{FAE04EC0-301F-11D3-BF4B-00C04F79EFBC}") = "MyTest.WindowsService.EmptyService", "MyTest.WindowsService.EmptyService\MyTest.WindowsService.EmptyService.csproj", "{6ED4F99F-E86D-4C2A-AAAE-F761CE0D864E}"
EndProject
Global
	GlobalSection(SolutionConfigurationPlatforms) = preSolution
		Debug|Any CPU = Debug|Any CPU
		Debug|Mixed Platforms = Debug|Mixed Platforms
		Debug|x86 = Debug|x86
		Dev|Any CPU = Dev|Any CPU
		Dev|Mixed Platforms = Dev|Mixed Platforms
		Dev|x86 = Dev|x86
		Prod|Any CPU = Prod|Any CPU
		Prod|Mixed Platforms = Prod|Mixed Platforms
		Prod|x86 = Prod|x86
		Release|Any CPU = Release|Any CPU
		Release|Mixed Platforms = Release|Mixed Platforms
		Release|x86 = Release|x86
		Test|Any CPU = Test|Any CPU
		Test|Mixed Platforms = Test|Mixed Platforms
		Test|x86 = Test|x86
		UAT|Any CPU = UAT|Any CPU
		UAT|Mixed Platforms = UAT|Mixed Platforms
		UAT|x86 = UAT|x86
	EndGlobalSection
	GlobalSection(ProjectConfigurationPlatforms) = postSolution
		{144A4158-6FA3-47F1-A4A0-43329DA1EAFD}.Debug|Any CPU.ActiveCfg = Debug|x86
		{144A4158-6FA3-47F1-A4A0-43329DA1EAFD}.Debug|Mixed Platforms.ActiveCfg = Debug|x86
		{144A4158-6FA3-47F1-A4A0-43329DA1EAFD}.Debug|Mixed Platforms.Build.0 = Debug|x86
		{144A4158-6FA3-47F1-A4A0-43329DA1EAFD}.Debug|x86.ActiveCfg = Debug|x86
		{144A4158-6FA3-47F1-A4A0-43329DA1EAFD}.Debug|x86.Build.0 = Debug|x86
		{144A4158-6FA3-47F1-A4A0-43329DA1EAFD}.Dev|Any CPU.ActiveCfg = Debug|x86
		{144A4158-6FA3-47F1-A4A0-43329DA1EAFD}.Dev|Mixed Platforms.ActiveCfg = Debug|x86
		{144A4158-6FA3-47F1-A4A0-43329DA1EAFD}.Dev|Mixed Platforms.Build.0 = Debug|x86
		{144A4158-6FA3-47F1-A4A0-43329DA1EAFD}.Dev|x86.ActiveCfg = Debug|x86
		{144A4158-6FA3-47F1-A4A0-43329DA1EAFD}.Dev|x86.Build.0 = Debug|x86
		{144A4158-6FA3-47F1-A4A0-43329DA1EAFD}.Prod|Any CPU.ActiveCfg = Release|x86
		{144A4158-6FA3-47F1-A4A0-43329DA1EAFD}.Prod|Mixed Platforms.ActiveCfg = Release|x86
		{144A4158-6FA3-47F1-A4A0-43329DA1EAFD}.Prod|Mixed Platforms.Build.0 = Release|x86
		{144A4158-6FA3-47F1-A4A0-43329DA1EAFD}.Prod|x86.ActiveCfg = Release|x86
		{144A4158-6FA3-47F1-A4A0-43329DA1EAFD}.Prod|x86.Build.0 = Release|x86
		{144A4158-6FA3-47F1-A4A0-43329DA1EAFD}.Release|Any CPU.ActiveCfg = Release|x86
		{144A4158-6FA3-47F1-A4A0-43329DA1EAFD}.Release|Mixed Platforms.ActiveCfg = Release|x86
		{144A4158-6FA3-47F1-A4A0-43329DA1EAFD}.Release|Mixed Platforms.Build.0 = Release|x86
		{144A4158-6FA3-47F1-A4A0-43329DA1EAFD}.Release|x86.ActiveCfg = Release|x86
		{144A4158-6FA3-47F1-A4A0-43329DA1EAFD}.Release|x86.Build.0 = Release|x86
		{144A4158-6FA3-47F1-A4A0-43329DA1EAFD}.Test|Any CPU.ActiveCfg = Release|x86
		{144A4158-6FA3-47F1-A4A0-43329DA1EAFD}.Test|Mixed Platforms.ActiveCfg = Release|x86
		{144A4158-6FA3-47F1-A4A0-43329DA1EAFD}.Test|Mixed Platforms.Build.0 = Release|x86
		{144A4158-6FA3-47F1-A4A0-43329DA1EAFD}.Test|x86.ActiveCfg = Release|x86
		{144A4158-6FA3-47F1-A4A0-43329DA1EAFD}.Test|x86.Build.0 = Release|x86
		{144A4158-6FA3-47F1-A4A0-43329DA1EAFD}.UAT|Any CPU.ActiveCfg = Release|x86
		{144A4158-6FA3-47F1-A4A0-43329DA1EAFD}.UAT|Mixed Platforms.ActiveCfg = Release|x86
		{144A4158-6FA3-47F1-A4A0-43329DA1EAFD}.UAT|Mixed Platforms.Build.0 = Release|x86
		{144A4158-6FA3-47F1-A4A0-43329DA1EAFD}.UAT|x86.ActiveCfg = Release|x86
		{144A4158-6FA3-47F1-A4A0-43329DA1EAFD}.UAT|x86.Build.0 = Release|x86
		{742B43AC-5A63-47F2-B282-F5F316E087B6}.Debug|Any CPU.ActiveCfg = Debug|Any CPU
		{742B43AC-5A63-47F2-B282-F5F316E087B6}.Debug|Any CPU.Build.0 = Debug|Any CPU
		{742B43AC-5A63-47F2-B282-F5F316E087B6}.Debug|Mixed Platforms.ActiveCfg = Debug|Any CPU
		{742B43AC-5A63-47F2-B282-F5F316E087B6}.Debug|Mixed Platforms.Build.0 = Debug|Any CPU
		{742B43AC-5A63-47F2-B282-F5F316E087B6}.Debug|x86.ActiveCfg = Debug|Any CPU
		{742B43AC-5A63-47F2-B282-F5F316E087B6}.Dev|Any CPU.ActiveCfg = Debug|Any CPU
		{742B43AC-5A63-47F2-B282-F5F316E087B6}.Dev|Any CPU.Build.0 = Debug|Any CPU
		{742B43AC-5A63-47F2-B282-F5F316E087B6}.Dev|Mixed Platforms.ActiveCfg = Debug|Any CPU
		{742B43AC-5A63-47F2-B282-F5F316E087B6}.Dev|Mixed Platforms.Build.0 = Debug|Any CPU
		{742B43AC-5A63-47F2-B282-F5F316E087B6}.Dev|x86.ActiveCfg = Debug|Any CPU
		{742B43AC-5A63-47F2-B282-F5F316E087B6}.Prod|Any CPU.ActiveCfg = Release|Any CPU
		{742B43AC-5A63-47F2-B282-F5F316E087B6}.Prod|Any CPU.Build.0 = Release|Any CPU
		{742B43AC-5A63-47F2-B282-F5F316E087B6}.Prod|Mixed Platforms.ActiveCfg = Release|Any CPU
		{742B43AC-5A63-47F2-B282-F5F316E087B6}.Prod|Mixed Platforms.Build.0 = Release|Any CPU
		{742B43AC-5A63-47F2-B282-F5F316E087B6}.Prod|x86.ActiveCfg = Release|Any CPU
		{742B43AC-5A63-47F2-B282-F5F316E087B6}.Release|Any CPU.ActiveCfg = Release|Any CPU
		{742B43AC-5A63-47F2-B282-F5F316E087B6}.Release|Any CPU.Build.0 = Release|Any CPU
		{742B43AC-5A63-47F2-B282-F5F316E087B6}.Release|Mixed Platforms.ActiveCfg = Release|Any CPU
		{742B43AC-5A63-47F2-B282-F5F316E087B6}.Release|Mixed Platforms.Build.0 = Release|Any CPU
		{742B43AC-5A63-47F2-B282-F5F316E087B6}.Release|x86.ActiveCfg = Release|Any CPU
		{742B43AC-5A63-47F2-B282-F5F316E087B6}.Test|Any CPU.ActiveCfg = Release|Any CPU
		{742B43AC-5A63-47F2-B282-F5F316E087B6}.Test|Any CPU.Build.0 = Release|Any CPU
		{742B43AC-5A63-47F2-B282-F5F316E087B6}.Test|Mixed Platforms.ActiveCfg = Release|Any CPU
		{742B43AC-5A63-47F2-B282-F5F316E087B6}.Test|Mixed Platforms.Build.0 = Release|Any CPU
		{742B43AC-5A63-47F2-B282-F5F316E087B6}.Test|x86.ActiveCfg = Release|Any CPU
		{742B43AC-5A63-47F2-B282-F5F316E087B6}.UAT|Any CPU.ActiveCfg = Release|Any CPU
		{742B43AC-5A63-47F2-B282-F5F316E087B6}.UAT|Any CPU.Build.0 = Release|Any CPU
		{742B43AC-5A63-47F2-B282-F5F316E087B6}.UAT|Mixed Platforms.ActiveCfg = Release|Any CPU
		{742B43AC-5A63-47F2-B282-F5F316E087B6}.UAT|Mixed Platforms.Build.0 = Release|Any CPU
		{742B43AC-5A63-47F2-B282-F5F316E087B6}.UAT|x86.ActiveCfg = Release|Any CPU
		{A764C7E1-6192-4957-81F3-789FF4F6834F}.Debug|Any CPU.ActiveCfg = Debug|Any CPU
		{A764C7E1-6192-4957-81F3-789FF4F6834F}.Debug|Any CPU.Build.0 = Debug|Any CPU
		{A764C7E1-6192-4957-81F3-789FF4F6834F}.Debug|Mixed Platforms.ActiveCfg = Debug|Any CPU
		{A764C7E1-6192-4957-81F3-789FF4F6834F}.Debug|Mixed Platforms.Build.0 = Debug|Any CPU
		{A764C7E1-6192-4957-81F3-789FF4F6834F}.Debug|x86.ActiveCfg = Debug|Any CPU
		{A764C7E1-6192-4957-81F3-789FF4F6834F}.Dev|Any CPU.ActiveCfg = Debug|Any CPU
		{A764C7E1-6192-4957-81F3-789FF4F6834F}.Dev|Any CPU.Build.0 = Debug|Any CPU
		{A764C7E1-6192-4957-81F3-789FF4F6834F}.Dev|Mixed Platforms.ActiveCfg = Debug|Any CPU
		{A764C7E1-6192-4957-81F3-789FF4F6834F}.Dev|Mixed Platforms.Build.0 = Debug|Any CPU
		{A764C7E1-6192-4957-81F3-789FF4F6834F}.Dev|x86.ActiveCfg = Debug|Any CPU
		{A764C7E1-6192-4957-81F3-789FF4F6834F}.Prod|Any CPU.ActiveCfg = Release|Any CPU
		{A764C7E1-6192-4957-81F3-789FF4F6834F}.Prod|Any CPU.Build.0 = Release|Any CPU
		{A764C7E1-6192-4957-81F3-789FF4F6834F}.Prod|Mixed Platforms.ActiveCfg = Release|Any CPU
		{A764C7E1-6192-4957-81F3-789FF4F6834F}.Prod|Mixed Platforms.Build.0 = Release|Any CPU
		{A764C7E1-6192-4957-81F3-789FF4F6834F}.Prod|x86.ActiveCfg = Release|Any CPU
		{A764C7E1-6192-4957-81F3-789FF4F6834F}.Release|Any CPU.ActiveCfg = Release|Any CPU
		{A764C7E1-6192-4957-81F3-789FF4F6834F}.Release|Any CPU.Build.0 = Release|Any CPU
		{A764C7E1-6192-4957-81F3-789FF4F6834F}.Release|Mixed Platforms.ActiveCfg = Release|Any CPU
		{A764C7E1-6192-4957-81F3-789FF4F6834F}.Release|Mixed Platforms.Build.0 = Release|Any CPU
		{A764C7E1-6192-4957-81F3-789FF4F6834F}.Release|x86.ActiveCfg = Release|Any CPU
		{A764C7E1-6192-4957-81F3-789FF4F6834F}.Test|Any CPU.ActiveCfg = Release|Any CPU
		{A764C7E1-6192-4957-81F3-789FF4F6834F}.Test|Any CPU.Build.0 = Release|Any CPU
		{A764C7E1-6192-4957-81F3-789FF4F6834F}.Test|Mixed Platforms.ActiveCfg = Release|Any CPU
		{A764C7E1-6192-4957-81F3-789FF4F6834F}.Test|Mixed Platforms.Build.0 = Release|Any CPU
		{A764C7E1-6192-4957-81F3-789FF4F6834F}.Test|x86.ActiveCfg = Release|Any CPU
		{A764C7E1-6192-4957-81F3-789FF4F6834F}.UAT|Any CPU.ActiveCfg = Release|Any CPU
		{A764C7E1-6192-4957-81F3-789FF4F6834F}.UAT|Any CPU.Build.0 = Release|Any CPU
		{A764C7E1-6192-4957-81F3-789FF4F6834F}.UAT|Mixed Platforms.ActiveCfg = Release|Any CPU
		{A764C7E1-6192-4957-81F3-789FF4F6834F}.UAT|Mixed Platforms.Build.0 = Release|Any CPU
		{A764C7E1-6192-4957-81F3-789FF4F6834F}.UAT|x86.ActiveCfg = Release|Any CPU
		{25E53F84-184D-43EA-9713-CDD63021560C}.Debug|Any CPU.ActiveCfg = Debug|Any CPU
		{25E53F84-184D-43EA-9713-CDD63021560C}.Debug|Any CPU.Build.0 = Debug|Any CPU
		{25E53F84-184D-43EA-9713-CDD63021560C}.Debug|Mixed Platforms.ActiveCfg = Debug|Any CPU
		{25E53F84-184D-43EA-9713-CDD63021560C}.Debug|Mixed Platforms.Build.0 = Debug|Any CPU
		{25E53F84-184D-43EA-9713-CDD63021560C}.Debug|x86.ActiveCfg = Debug|Any CPU
		{25E53F84-184D-43EA-9713-CDD63021560C}.Dev|Any CPU.ActiveCfg = Debug|Any CPU
		{25E53F84-184D-43EA-9713-CDD63021560C}.Dev|Any CPU.Build.0 = Debug|Any CPU
		{25E53F84-184D-43EA-9713-CDD63021560C}.Dev|Mixed Platforms.ActiveCfg = Debug|Any CPU
		{25E53F84-184D-43EA-9713-CDD63021560C}.Dev|Mixed Platforms.Build.0 = Debug|Any CPU
		{25E53F84-184D-43EA-9713-CDD63021560C}.Dev|x86.ActiveCfg = Debug|Any CPU
		{25E53F84-184D-43EA-9713-CDD63021560C}.Prod|Any CPU.ActiveCfg = Release|Any CPU
		{25E53F84-184D-43EA-9713-CDD63021560C}.Prod|Any CPU.Build.0 = Release|Any CPU
		{25E53F84-184D-43EA-9713-CDD63021560C}.Prod|Mixed Platforms.ActiveCfg = Release|Any CPU
		{25E53F84-184D-43EA-9713-CDD63021560C}.Prod|Mixed Platforms.Build.0 = Release|Any CPU
		{25E53F84-184D-43EA-9713-CDD63021560C}.Prod|x86.ActiveCfg = Release|Any CPU
		{25E53F84-184D-43EA-9713-CDD63021560C}.Release|Any CPU.ActiveCfg = Release|Any CPU
		{25E53F84-184D-43EA-9713-CDD63021560C}.Release|Any CPU.Build.0 = Release|Any CPU
		{25E53F84-184D-43EA-9713-CDD63021560C}.Release|Mixed Platforms.ActiveCfg = Release|Any CPU
		{25E53F84-184D-43EA-9713-CDD63021560C}.Release|Mixed Platforms.Build.0 = Release|Any CPU
		{25E53F84-184D-43EA-9713-CDD63021560C}.Release|x86.ActiveCfg = Release|Any CPU
		{25E53F84-184D-43EA-9713-CDD63021560C}.Test|Any CPU.ActiveCfg = Release|Any CPU
		{25E53F84-184D-43EA-9713-CDD63021560C}.Test|Any CPU.Build.0 = Release|Any CPU
		{25E53F84-184D-43EA-9713-CDD63021560C}.Test|Mixed Platforms.ActiveCfg = Release|Any CPU
		{25E53F84-184D-43EA-9713-CDD63021560C}.Test|Mixed Platforms.Build.0 = Release|Any CPU
		{25E53F84-184D-43EA-9713-CDD63021560C}.Test|x86.ActiveCfg = Release|Any CPU
		{25E53F84-184D-43EA-9713-CDD63021560C}.UAT|Any CPU.ActiveCfg = Release|Any CPU
		{25E53F84-184D-43EA-9713-CDD63021560C}.UAT|Any CPU.Build.0 = Release|Any CPU
		{25E53F84-184D-43EA-9713-CDD63021560C}.UAT|Mixed Platforms.ActiveCfg = Release|Any CPU
		{25E53F84-184D-43EA-9713-CDD63021560C}.UAT|Mixed Platforms.Build.0 = Release|Any CPU
		{25E53F84-184D-43EA-9713-CDD63021560C}.UAT|x86.ActiveCfg = Release|Any CPU
		{67FC5C6C-7752-44FD-9073-9E403417E916}.Debug|Any CPU.ActiveCfg = Debug|Any CPU
		{67FC5C6C-7752-44FD-9073-9E403417E916}.Debug|Any CPU.Build.0 = Debug|Any CPU
		{67FC5C6C-7752-44FD-9073-9E403417E916}.Debug|Mixed Platforms.ActiveCfg = Debug|Any CPU
		{67FC5C6C-7752-44FD-9073-9E403417E916}.Debug|Mixed Platforms.Build.0 = Debug|Any CPU
		{67FC5C6C-7752-44FD-9073-9E403417E916}.Debug|x86.ActiveCfg = Debug|Any CPU
		{67FC5C6C-7752-44FD-9073-9E403417E916}.Dev|Any CPU.ActiveCfg = Debug|Any CPU
		{67FC5C6C-7752-44FD-9073-9E403417E916}.Dev|Any CPU.Build.0 = Debug|Any CPU
		{67FC5C6C-7752-44FD-9073-9E403417E916}.Dev|Mixed Platforms.ActiveCfg = Debug|Any CPU
		{67FC5C6C-7752-44FD-9073-9E403417E916}.Dev|Mixed Platforms.Build.0 = Debug|Any CPU
		{67FC5C6C-7752-44FD-9073-9E403417E916}.Dev|x86.ActiveCfg = Debug|Any CPU
		{67FC5C6C-7752-44FD-9073-9E403417E916}.Prod|Any CPU.ActiveCfg = Release|Any CPU
		{67FC5C6C-7752-44FD-9073-9E403417E916}.Prod|Any CPU.Build.0 = Release|Any CPU
		{67FC5C6C-7752-44FD-9073-9E403417E916}.Prod|Mixed Platforms.ActiveCfg = Release|Any CPU
		{67FC5C6C-7752-44FD-9073-9E403417E916}.Prod|Mixed Platforms.Build.0 = Release|Any CPU
		{67FC5C6C-7752-44FD-9073-9E403417E916}.Prod|x86.ActiveCfg = Release|Any CPU
		{67FC5C6C-7752-44FD-9073-9E403417E916}.Release|Any CPU.ActiveCfg = Release|Any CPU
		{67FC5C6C-7752-44FD-9073-9E403417E916}.Release|Any CPU.Build.0 = Release|Any CPU
		{67FC5C6C-7752-44FD-9073-9E403417E916}.Release|Mixed Platforms.ActiveCfg = Release|Any CPU
		{67FC5C6C-7752-44FD-9073-9E403417E916}.Release|Mixed Platforms.Build.0 = Release|Any CPU
		{67FC5C6C-7752-44FD-9073-9E403417E916}.Release|x86.ActiveCfg = Release|Any CPU
		{67FC5C6C-7752-44FD-9073-9E403417E916}.Test|Any CPU.ActiveCfg = Release|Any CPU
		{67FC5C6C-7752-44FD-9073-9E403417E916}.Test|Any CPU.Build.0 = Release|Any CPU
		{67FC5C6C-7752-44FD-9073-9E403417E916}.Test|Mixed Platforms.ActiveCfg = Release|Any CPU
		{67FC5C6C-7752-44FD-9073-9E403417E916}.Test|Mixed Platforms.Build.0 = Release|Any CPU
		{67FC5C6C-7752-44FD-9073-9E403417E916}.Test|x86.ActiveCfg = Release|Any CPU
		{67FC5C6C-7752-44FD-9073-9E403417E916}.UAT|Any CPU.ActiveCfg = Release|Any CPU
		{67FC5C6C-7752-44FD-9073-9E403417E916}.UAT|Any CPU.Build.0 = Release|Any CPU
		{67FC5C6C-7752-44FD-9073-9E403417E916}.UAT|Mixed Platforms.ActiveCfg = Release|Any CPU
		{67FC5C6C-7752-44FD-9073-9E403417E916}.UAT|Mixed Platforms.Build.0 = Release|Any CPU
		{67FC5C6C-7752-44FD-9073-9E403417E916}.UAT|x86.ActiveCfg = Release|Any CPU
		{6ED4F99F-E86D-4C2A-AAAE-F761CE0D864E}.Debug|Any CPU.ActiveCfg = Debug|Any CPU
		{6ED4F99F-E86D-4C2A-AAAE-F761CE0D864E}.Debug|Any CPU.Build.0 = Debug|Any CPU
		{6ED4F99F-E86D-4C2A-AAAE-F761CE0D864E}.Debug|Mixed Platforms.ActiveCfg = Debug|Any CPU
		{6ED4F99F-E86D-4C2A-AAAE-F761CE0D864E}.Debug|Mixed Platforms.Build.0 = Debug|Any CPU
		{6ED4F99F-E86D-4C2A-AAAE-F761CE0D864E}.Debug|x86.ActiveCfg = Debug|Any CPU
		{6ED4F99F-E86D-4C2A-AAAE-F761CE0D864E}.Dev|Any CPU.ActiveCfg = Debug|Any CPU
		{6ED4F99F-E86D-4C2A-AAAE-F761CE0D864E}.Dev|Any CPU.Build.0 = Debug|Any CPU
		{6ED4F99F-E86D-4C2A-AAAE-F761CE0D864E}.Dev|Mixed Platforms.ActiveCfg = Debug|Any CPU
		{6ED4F99F-E86D-4C2A-AAAE-F761CE0D864E}.Dev|Mixed Platforms.Build.0 = Debug|Any CPU
		{6ED4F99F-E86D-4C2A-AAAE-F761CE0D864E}.Dev|x86.ActiveCfg = Debug|Any CPU
		{6ED4F99F-E86D-4C2A-AAAE-F761CE0D864E}.Prod|Any CPU.ActiveCfg = Release|Any CPU
		{6ED4F99F-E86D-4C2A-AAAE-F761CE0D864E}.Prod|Any CPU.Build.0 = Release|Any CPU
		{6ED4F99F-E86D-4C2A-AAAE-F761CE0D864E}.Prod|Mixed Platforms.ActiveCfg = Release|Any CPU
		{6ED4F99F-E86D-4C2A-AAAE-F761CE0D864E}.Prod|Mixed Platforms.Build.0 = Release|Any CPU
		{6ED4F99F-E86D-4C2A-AAAE-F761CE0D864E}.Prod|x86.ActiveCfg = Release|Any CPU
		{6ED4F99F-E86D-4C2A-AAAE-F761CE0D864E}.Release|Any CPU.ActiveCfg = Release|Any CPU
		{6ED4F99F-E86D-4C2A-AAAE-F761CE0D864E}.Release|Any CPU.Build.0 = Release|Any CPU
		{6ED4F99F-E86D-4C2A-AAAE-F761CE0D864E}.Release|Mixed Platforms.ActiveCfg = Release|Any CPU
		{6ED4F99F-E86D-4C2A-AAAE-F761CE0D864E}.Release|Mixed Platforms.Build.0 = Release|Any CPU
		{6ED4F99F-E86D-4C2A-AAAE-F761CE0D864E}.Release|x86.ActiveCfg = Release|Any CPU
		{6ED4F99F-E86D-4C2A-AAAE-F761CE0D864E}.Test|Any CPU.ActiveCfg = Release|Any CPU
		{6ED4F99F-E86D-4C2A-AAAE-F761CE0D864E}.Test|Any CPU.Build.0 = Release|Any CPU
		{6ED4F99F-E86D-4C2A-AAAE-F761CE0D864E}.Test|Mixed Platforms.ActiveCfg = Release|Any CPU
		{6ED4F99F-E86D-4C2A-AAAE-F761CE0D864E}.Test|Mixed Platforms.Build.0 = Release|Any CPU
		{6ED4F99F-E86D-4C2A-AAAE-F761CE0D864E}.Test|x86.ActiveCfg = Release|Any CPU
		{6ED4F99F-E86D-4C2A-AAAE-F761CE0D864E}.UAT|Any CPU.ActiveCfg = Release|Any CPU
		{6ED4F99F-E86D-4C2A-AAAE-F761CE0D864E}.UAT|Any CPU.Build.0 = Release|Any CPU
		{6ED4F99F-E86D-4C2A-AAAE-F761CE0D864E}.UAT|Mixed Platforms.ActiveCfg = Release|Any CPU
		{6ED4F99F-E86D-4C2A-AAAE-F761CE0D864E}.UAT|Mixed Platforms.Build.0 = Release|Any CPU
		{6ED4F99F-E86D-4C2A-AAAE-F761CE0D864E}.UAT|x86.ActiveCfg = Release|Any CPU
	EndGlobalSection
	GlobalSection(SolutionProperties) = preSolution
		HideSolutionNode = FALSE
	EndGlobalSection
	GlobalSection(ExtensibilityGlobals) = postSolution
		EnterpriseLibraryConfigurationToolBinariesPathV6 = packages\EnterpriseLibrary.Common.6.0.1304.0\lib\NET45;packages\EnterpriseLibrary.Logging.6.0.1304.0\lib\NET45
		EnterpriseLibraryConfigurationToolBinariesPath = packages\Unity.2.1.505.0\lib\NET35;packages\Unity.Interception.2.1.505.0\lib\NET35;packages\EnterpriseLibrary.Common.5.0.505.0\lib\NET35;packages\EnterpriseLibrary.Security.5.0.505.0\lib\NET35;packages\EnterpriseLibrary.Security.Cryptography.5.0.505.0\lib\NET35;packages\EnterpriseLibrary.Logging.5.0.505.1\lib\NET35
	EndGlobalSection
EndGlobal
